
Microsoft Visual Studio Solution File, Format Version 12.00
# Visual Studio 2012
Project("{FAE04EC0-301F-11D3-BF4B-00C04F79EFBC}") = "PaintJobEstimator", "WindowsFormsApplication2\PaintJobEstimator.csproj", "{3D1285EA-108F-46E5-B5E1-DD1125C74CA9}"
EndProject
Global
	GlobalSection(SolutionConfigurationPlatforms) = preSolution
		Debug|Any CPU = Debug|Any CPU
		Release|Any CPU = Release|Any CPU
	EndGlobalSection
	GlobalSection(ProjectConfigurationPlatforms) = postSolution
		{3D1285EA-108F-46E5-B5E1-DD1125C74CA9}.Debug|Any CPU.ActiveCfg = Debug|Any CPU
		{3D1285EA-108F-46E5-B5E1-DD1125C74CA9}.Debug|Any CPU.Build.0 = Debug|Any CPU
		{3D1285EA-108F-46E5-B5E1-DD1125C74CA9}.Release|Any CPU.ActiveCfg = Release|Any CPU
		{3D1285EA-108F-46E5-B5E1-DD1125C74CA9}.Release|Any CPU.Build.0 = Release|Any CPU
	EndGlobalSection
	GlobalSection(SolutionProperties) = preSolution
		HideSolutionNode = FALSE
	EndGlobalSection
EndGlobal
